
Microsoft Visual Studio Solution File, Format Version 12.00
# Visual Studio Version 17
VisualStudioVersion = 17.9.34616.47
MinimumVisualStudioVersion = 10.0.40219.1
Project("{2150E333-8FDC-42A3-9474-1A3956D46DE8}") = "Bootstrapper", "Bootstrapper", "{618670D8-646E-4D16-94CD-DF9A02D596D4}"
EndProject
Project("{2150E333-8FDC-42A3-9474-1A3956D46DE8}") = "Modules", "Modules", "{FA04E6DE-BB66-4828-9381-91D016B58316}"
EndProject
Project("{2150E333-8FDC-42A3-9474-1A3956D46DE8}") = "Shared", "Shared", "{FA0A711D-D050-4E18-9508-E4D382E1F866}"
EndProject
Project("{9A19103F-16F7-4668-BE54-9A1E7A4F7556}") = "EshopWebApi", "Bootstrapper\EshopWebApi\EshopWebApi.csproj", "{FBC426B0-6C48-47F5-B5F9-F14C61908499}"
EndProject
Project("{2150E333-8FDC-42A3-9474-1A3956D46DE8}") = "Catalog", "Catalog", "{D46F4357-D052-400E-90EC-CA8C6EA58264}"
EndProject
Project("{2150E333-8FDC-42A3-9474-1A3956D46DE8}") = "Ordering", "Ordering", "{9D22602F-9634-4814-A224-C730A3F25BAC}"
EndProject
Project("{2150E333-8FDC-42A3-9474-1A3956D46DE8}") = "Basket", "Basket", "{1A9A1AAF-8127-47BF-825F-3C4BEFC98531}"
EndProject
Project("{9A19103F-16F7-4668-BE54-9A1E7A4F7556}") = "Catalog", "Modules\Catalog\Catalog\Catalog.csproj", "{C9B3D4B1-306E-475B-83EA-D0F87465D3AA}"
EndProject
Project("{9A19103F-16F7-4668-BE54-9A1E7A4F7556}") = "Basket", "Modules\Basket\Basket\Basket.csproj", "{A3065391-9935-4781-9FE5-C2DD05CCDC80}"
EndProject
Project("{9A19103F-16F7-4668-BE54-9A1E7A4F7556}") = "Ordering", "Modules\Ordering\Ordering\Ordering.csproj", "{7A702F6A-26D3-4268-8FBA-ADB580DC1DE0}"
EndProject
Project("{FAE04EC0-301F-11D3-BF4B-00C04F79EFBC}") = "Shared", "Shared\Shared\Shared.csproj", "{8309BA48-65C3-435D-82A2-7EF75A1C28F6}"
EndProject
Global
	GlobalSection(SolutionConfigurationPlatforms) = preSolution
		Debug|Any CPU = Debug|Any CPU
		Release|Any CPU = Release|Any CPU
	EndGlobalSection
	GlobalSection(ProjectConfigurationPlatforms) = postSolution
		{FBC426B0-6C48-47F5-B5F9-F14C61908499}.Debug|Any CPU.ActiveCfg = Debug|Any CPU
		{FBC426B0-6C48-47F5-B5F9-F14C61908499}.Debug|Any CPU.Build.0 = Debug|Any CPU
		{FBC426B0-6C48-47F5-B5F9-F14C61908499}.Release|Any CPU.ActiveCfg = Release|Any CPU
		{FBC426B0-6C48-47F5-B5F9-F14C61908499}.Release|Any CPU.Build.0 = Release|Any CPU
		{C9B3D4B1-306E-475B-83EA-D0F87465D3AA}.Debug|Any CPU.ActiveCfg = Debug|Any CPU
		{C9B3D4B1-306E-475B-83EA-D0F87465D3AA}.Debug|Any CPU.Build.0 = Debug|Any CPU
		{C9B3D4B1-306E-475B-83EA-D0F87465D3AA}.Release|Any CPU.ActiveCfg = Release|Any CPU
		{C9B3D4B1-306E-475B-83EA-D0F87465D3AA}.Release|Any CPU.Build.0 = Release|Any CPU
		{A3065391-9935-4781-9FE5-C2DD05CCDC80}.Debug|Any CPU.ActiveCfg = Debug|Any CPU
		{A3065391-9935-4781-9FE5-C2DD05CCDC80}.Debug|Any CPU.Build.0 = Debug|Any CPU
		{A3065391-9935-4781-9FE5-C2DD05CCDC80}.Release|Any CPU.ActiveCfg = Release|Any CPU
		{A3065391-9935-4781-9FE5-C2DD05CCDC80}.Release|Any CPU.Build.0 = Release|Any CPU
		{7A702F6A-26D3-4268-8FBA-ADB580DC1DE0}.Debug|Any CPU.ActiveCfg = Debug|Any CPU
		{7A702F6A-26D3-4268-8FBA-ADB580DC1DE0}.Debug|Any CPU.Build.0 = Debug|Any CPU
		{7A702F6A-26D3-4268-8FBA-ADB580DC1DE0}.Release|Any CPU.ActiveCfg = Release|Any CPU
		{7A702F6A-26D3-4268-8FBA-ADB580DC1DE0}.Release|Any CPU.Build.0 = Release|Any CPU
		{8309BA48-65C3-435D-82A2-7EF75A1C28F6}.Debug|Any CPU.ActiveCfg = Debug|Any CPU
		{8309BA48-65C3-435D-82A2-7EF75A1C28F6}.Debug|Any CPU.Build.0 = Debug|Any CPU
		{8309BA48-65C3-435D-82A2-7EF75A1C28F6}.Release|Any CPU.ActiveCfg = Release|Any CPU
		{8309BA48-65C3-435D-82A2-7EF75A1C28F6}.Release|Any CPU.Build.0 = Release|Any CPU
	EndGlobalSection
	GlobalSection(SolutionProperties) = preSolution
		HideSolutionNode = FALSE
	EndGlobalSection
	GlobalSection(NestedProjects) = preSolution
		{FBC426B0-6C48-47F5-B5F9-F14C61908499} = {618670D8-646E-4D16-94CD-DF9A02D596D4}
		{D46F4357-D052-400E-90EC-CA8C6EA58264} = {FA04E6DE-BB66-4828-9381-91D016B58316}
		{9D22602F-9634-4814-A224-C730A3F25BAC} = {FA04E6DE-BB66-4828-9381-91D016B58316}
		{1A9A1AAF-8127-47BF-825F-3C4BEFC98531} = {FA04E6DE-BB66-4828-9381-91D016B58316}
		{C9B3D4B1-306E-475B-83EA-D0F87465D3AA} = {D46F4357-D052-400E-90EC-CA8C6EA58264}
		{A3065391-9935-4781-9FE5-C2DD05CCDC80} = {1A9A1AAF-8127-47BF-825F-3C4BEFC98531}
		{7A702F6A-26D3-4268-8FBA-ADB580DC1DE0} = {9D22602F-9634-4814-A224-C730A3F25BAC}
		{8309BA48-65C3-435D-82A2-7EF75A1C28F6} = {FA0A711D-D050-4E18-9508-E4D382E1F866}
	EndGlobalSection
	GlobalSection(ExtensibilityGlobals) = postSolution
		SolutionGuid = {09399327-9C3D-4CE7-8485-9673A0DF6B1F}
	EndGlobalSection
EndGlobal
